// !$*UTF8*$!
{
	archiveVersion = 1;
	classes = {
	};
	objectVersion = 50;
	objects = {

/* Begin PBXBuildFile section */
		E206029D2449FF590088AE18 /* AppDelegate.swift in Sources */ = {isa = PBXBuildFile; fileRef = E206029C2449FF590088AE18 /* AppDelegate.swift */; };
		E206029F2449FF590088AE18 /* SceneDelegate.swift in Sources */ = {isa = PBXBuildFile; fileRef = E206029E2449FF590088AE18 /* SceneDelegate.swift */; };
		E20602A42449FF590088AE18 /* Main.storyboard in Resources */ = {isa = PBXBuildFile; fileRef = E20602A22449FF590088AE18 /* Main.storyboard */; };
		E20602A62449FF5C0088AE18 /* Assets.xcassets in Resources */ = {isa = PBXBuildFile; fileRef = E20602A52449FF5C0088AE18 /* Assets.xcassets */; };
		E20602A92449FF5C0088AE18 /* LaunchScreen.storyboard in Resources */ = {isa = PBXBuildFile; fileRef = E20602A72449FF5C0088AE18 /* LaunchScreen.storyboard */; };
		E20602B5244A00F30088AE18 /* NotesListTableViewController.swift in Sources */ = {isa = PBXBuildFile; fileRef = E20602B4244A00F30088AE18 /* NotesListTableViewController.swift */; };
		E20602B7244A01310088AE18 /* NoteDetailViewController.swift in Sources */ = {isa = PBXBuildFile; fileRef = E20602B6244A01310088AE18 /* NoteDetailViewController.swift */; };
		E20602B9244A01490088AE18 /* Note.swift in Sources */ = {isa = PBXBuildFile; fileRef = E20602B8244A01490088AE18 /* Note.swift */; };
		E20602BC244A02270088AE18 /* NoteController.swift in Sources */ = {isa = PBXBuildFile; fileRef = E20602BB244A02270088AE18 /* NoteController.swift */; };
/* End PBXBuildFile section */

/* Begin PBXFileReference section */
		E20602992449FF590088AE18 /* Notes.app */ = {isa = PBXFileReference; explicitFileType = wrapper.application; includeInIndex = 0; path = Notes.app; sourceTree = BUILT_PRODUCTS_DIR; };
		E206029C2449FF590088AE18 /* AppDelegate.swift */ = {isa = PBXFileReference; lastKnownFileType = sourcecode.swift; path = AppDelegate.swift; sourceTree = "<group>"; };
		E206029E2449FF590088AE18 /* SceneDelegate.swift */ = {isa = PBXFileReference; lastKnownFileType = sourcecode.swift; path = SceneDelegate.swift; sourceTree = "<group>"; };
		E20602A32449FF590088AE18 /* Base */ = {isa = PBXFileReference; lastKnownFileType = file.storyboard; name = Base; path = Base.lproj/Main.storyboard; sourceTree = "<group>"; };
		E20602A52449FF5C0088AE18 /* Assets.xcassets */ = {isa = PBXFileReference; lastKnownFileType = folder.assetcatalog; path = Assets.xcassets; sourceTree = "<group>"; };
		E20602A82449FF5C0088AE18 /* Base */ = {isa = PBXFileReference; lastKnownFileType = file.storyboard; name = Base; path = Base.lproj/LaunchScreen.storyboard; sourceTree = "<group>"; };
		E20602AA2449FF5C0088AE18 /* Info.plist */ = {isa = PBXFileReference; lastKnownFileType = text.plist.xml; path = Info.plist; sourceTree = "<group>"; };
		E20602B4244A00F30088AE18 /* NotesListTableViewController.swift */ = {isa = PBXFileReference; lastKnownFileType = sourcecode.swift; path = NotesListTableViewController.swift; sourceTree = "<group>"; };
		E20602B6244A01310088AE18 /* NoteDetailViewController.swift */ = {isa = PBXFileReference; lastKnownFileType = sourcecode.swift; path = NoteDetailViewController.swift; sourceTree = "<group>"; };
		E20602B8244A01490088AE18 /* Note.swift */ = {isa = PBXFileReference; lastKnownFileType = sourcecode.swift; path = Note.swift; sourceTree = "<group>"; };
		E20602BB244A02270088AE18 /* NoteController.swift */ = {isa = PBXFileReference; lastKnownFileType = sourcecode.swift; path = NoteController.swift; sourceTree = "<group>"; };
/* End PBXFileReference section */

/* Begin PBXFrameworksBuildPhase section */
		E20602962449FF590088AE18 /* Frameworks */ = {
			isa = PBXFrameworksBuildPhase;
			buildActionMask = 2147483647;
			files = (
			);
			runOnlyForDeploymentPostprocessing = 0;
		};
/* End PBXFrameworksBuildPhase section */

/* Begin PBXGroup section */
		E20602902449FF590088AE18 = {
			isa = PBXGroup;
			children = (
				E206029B2449FF590088AE18 /* Notes */,
				E206029A2449FF590088AE18 /* Products */,
			);
			sourceTree = "<group>";
		};
		E206029A2449FF590088AE18 /* Products */ = {
			isa = PBXGroup;
			children = (
				E20602992449FF590088AE18 /* Notes.app */,
			);
			name = Products;
			sourceTree = "<group>";
		};
		E206029B2449FF590088AE18 /* Notes */ = {
			isa = PBXGroup;
			children = (
				E20602B32449FF7B0088AE18 /* Resources */,
				E20602B22449FF780088AE18 /* Model */,
				E20602B12449FF750088AE18 /* View */,
				E20602B02449FF710088AE18 /* Controller */,
			);
			path = Notes;
			sourceTree = "<group>";
		};
		E20602B02449FF710088AE18 /* Controller */ = {
			isa = PBXGroup;
			children = (
				E20602BA244A02040088AE18 /* Model Controller */,
				E20602B4244A00F30088AE18 /* NotesListTableViewController.swift */,
				E20602B6244A01310088AE18 /* NoteDetailViewController.swift */,
			);
			path = Controller;
			sourceTree = "<group>";
		};
		E20602B12449FF750088AE18 /* View */ = {
			isa = PBXGroup;
			children = (
				E20602A22449FF590088AE18 /* Main.storyboard */,
			);
			path = View;
			sourceTree = "<group>";
		};
		E20602B22449FF780088AE18 /* Model */ = {
			isa = PBXGroup;
			children = (
				E20602B8244A01490088AE18 /* Note.swift */,
			);
			path = Model;
			sourceTree = "<group>";
		};
		E20602B32449FF7B0088AE18 /* Resources */ = {
			isa = PBXGroup;
			children = (
				E206029C2449FF590088AE18 /* AppDelegate.swift */,
				E206029E2449FF590088AE18 /* SceneDelegate.swift */,
				E20602A52449FF5C0088AE18 /* Assets.xcassets */,
				E20602A72449FF5C0088AE18 /* LaunchScreen.storyboard */,
				E20602AA2449FF5C0088AE18 /* Info.plist */,
			);
			path = Resources;
			sourceTree = "<group>";
		};
		E20602BA244A02040088AE18 /* Model Controller */ = {
			isa = PBXGroup;
			children = (
				E20602BB244A02270088AE18 /* NoteController.swift */,
			);
			path = "Model Controller";
			sourceTree = "<group>";
		};
/* End PBXGroup section */

/* Begin PBXNativeTarget section */
		E20602982449FF590088AE18 /* Notes */ = {
			isa = PBXNativeTarget;
			buildConfigurationList = E20602AD2449FF5C0088AE18 /* Build configuration list for PBXNativeTarget "Notes" */;
			buildPhases = (
				E20602952449FF590088AE18 /* Sources */,
				E20602962449FF590088AE18 /* Frameworks */,
				E20602972449FF590088AE18 /* Resources */,
			);
			buildRules = (
			);
			dependencies = (
			);
			name = Notes;
			productName = Notes;
			productReference = E20602992449FF590088AE18 /* Notes.app */;
			productType = "com.apple.product-type.application";
		};
/* End PBXNativeTarget section */

/* Begin PBXProject section */
		E20602912449FF590088AE18 /* Project object */ = {
			isa = PBXProject;
			attributes = {
				LastSwiftUpdateCheck = 1140;
				LastUpgradeCheck = 1140;
				ORGANIZATIONNAME = "Pete Parks";
				TargetAttributes = {
					E20602982449FF590088AE18 = {
						CreatedOnToolsVersion = 11.4.1;
					};
				};
			};
			buildConfigurationList = E20602942449FF590088AE18 /* Build configuration list for PBXProject "Notes" */;
			compatibilityVersion = "Xcode 9.3";
			developmentRegion = en;
			hasScannedForEncodings = 0;
			knownRegions = (
				en,
				Base,
			);
			mainGroup = E20602902449FF590088AE18;
			productRefGroup = E206029A2449FF590088AE18 /* Products */;
			projectDirPath = "";
			projectRoot = "";
			targets = (
				E20602982449FF590088AE18 /* Notes */,
			);
		};
/* End PBXProject section */

/* Begin PBXResourcesBuildPhase section */
		E20602972449FF590088AE18 /* Resources */ = {
			isa = PBXResourcesBuildPhase;
			buildActionMask = 2147483647;
			files = (
				E20602A92449FF5C0088AE18 /* LaunchScreen.storyboard in Resources */,
				E20602A62449FF5C0088AE18 /* Assets.xcassets in Resources */,
				E20602A42449FF590088AE18 /* Main.storyboard in Resources */,
			);
			runOnlyForDeploymentPostprocessing = 0;
		};
/* End PBXResourcesBuildPhase section */

/* Begin PBXSourcesBuildPhase section */
		E20602952449FF590088AE18 /* Sources */ = {
			isa = PBXSourcesBuildPhase;
			buildActionMask = 2147483647;
			files = (
				E20602B9244A01490088AE18 /* Note.swift in Sources */,
				E20602BC244A02270088AE18 /* NoteController.swift in Sources */,
				E206029D2449FF590088AE18 /* AppDelegate.swift in Sources */,
				E20602B7244A01310088AE18 /* NoteDetailViewController.swift in Sources */,
				E20602B5244A00F30088AE18 /* NotesListTableViewController.swift in Sources */,
				E206029F2449FF590088AE18 /* SceneDelegate.swift in Sources */,
			);
			runOnlyForDeploymentPostprocessing = 0;
		};
/* End PBXSourcesBuildPhase section */

/* Begin PBXVariantGroup section */
		E20602A22449FF590088AE18 /* Main.storyboard */ = {
			isa = PBXVariantGroup;
			children = (
				E20602A32449FF590088AE18 /* Base */,
			);
			name = Main.storyboard;
			sourceTree = "<group>";
		};
		E20602A72449FF5C0088AE18 /* LaunchScreen.storyboard */ = {
			isa = PBXVariantGroup;
			children = (
				E20602A82449FF5C0088AE18 /* Base */,
			);
			name = LaunchScreen.storyboard;
			sourceTree = "<group>";
		};
/* End PBXVariantGroup section */

/* Begin XCBuildConfiguration section */
		E20602AB2449FF5C0088AE18 /* Debug */ = {
			isa = XCBuildConfiguration;
			buildSettings = {
				ALWAYS_SEARCH_USER_PATHS = NO;
				CLANG_ANALYZER_NONNULL = YES;
				CLANG_ANALYZER_NUMBER_OBJECT_CONVERSION = YES_AGGRESSIVE;
				CLANG_CXX_LANGUAGE_STANDARD = "gnu++14";
				CLANG_CXX_LIBRARY = "libc++";
				CLANG_ENABLE_MODULES = YES;
				CLANG_ENABLE_OBJC_ARC = YES;
				CLANG_ENABLE_OBJC_WEAK = YES;
				CLANG_WARN_BLOCK_CAPTURE_AUTORELEASING = YES;
				CLANG_WARN_BOOL_CONVERSION = YES;
				CLANG_WARN_COMMA = YES;
				CLANG_WARN_CONSTANT_CONVERSION = YES;
				CLANG_WARN_DEPRECATED_OBJC_IMPLEMENTATIONS = YES;
				CLANG_WARN_DIRECT_OBJC_ISA_USAGE = YES_ERROR;
				CLANG_WARN_DOCUMENTATION_COMMENTS = YES;
				CLANG_WARN_EMPTY_BODY = YES;
				CLANG_WARN_ENUM_CONVERSION = YES;
				CLANG_WARN_INFINITE_RECURSION = YES;
				CLANG_WARN_INT_CONVERSION = YES;
				CLANG_WARN_NON_LITERAL_NULL_CONVERSION = YES;
				CLANG_WARN_OBJC_IMPLICIT_RETAIN_SELF = YES;
				CLANG_WARN_OBJC_LITERAL_CONVERSION = YES;
				CLANG_WARN_OBJC_ROOT_CLASS = YES_ERROR;
				CLANG_WARN_RANGE_LOOP_ANALYSIS = YES;
				CLANG_WARN_STRICT_PROTOTYPES = YES;
				CLANG_WARN_SUSPICIOUS_MOVE = YES;
				CLANG_WARN_UNGUARDED_AVAILABILITY = YES_AGGRESSIVE;
				CLANG_WARN_UNREACHABLE_CODE = YES;
				CLANG_WARN__DUPLICATE_METHOD_MATCH = YES;
				COPY_PHASE_STRIP = NO;
				DEBUG_INFORMATION_FORMAT = dwarf;
				ENABLE_STRICT_OBJC_MSGSEND = YES;
				ENABLE_TESTABILITY = YES;
				GCC_C_LANGUAGE_STANDARD = gnu11;
				GCC_DYNAMIC_NO_PIC = NO;
				GCC_NO_COMMON_BLOCKS = YES;
				GCC_OPTIMIZATION_LEVEL = 0;
				GCC_PREPROCESSOR_DEFINITIONS = (
					"DEBUG=1",
					"$(inherited)",
				);
				GCC_WARN_64_TO_32_BIT_CONVERSION = YES;
				GCC_WARN_ABOUT_RETURN_TYPE = YES_ERROR;
				GCC_WARN_UNDECLARED_SELECTOR = YES;
				GCC_WARN_UNINITIALIZED_AUTOS = YES_AGGRESSIVE;
				GCC_WARN_UNUSED_FUNCTION = YES;
				GCC_WARN_UNUSED_VARIABLE = YES;
				IPHONEOS_DEPLOYMENT_TARGET = 13.4;
				MTL_ENABLE_DEBUG_INFO = INCLUDE_SOURCE;
				MTL_FAST_MATH = YES;
				ONLY_ACTIVE_ARCH = YES;
				SDKROOT = iphoneos;
				SWIFT_ACTIVE_COMPILATION_CONDITIONS = DEBUG;
				SWIFT_OPTIMIZATION_LEVEL = "-Onone";
			};
			name = Debug;
		};
		E20602AC2449FF5C0088AE18 /* Release */ = {
			isa = XCBuildConfiguration;
			buildSettings = {
				ALWAYS_SEARCH_USER_PATHS = NO;
				CLANG_ANALYZER_NONNULL = YES;
				CLANG_ANALYZER_NUMBER_OBJECT_CONVERSION = YES_AGGRESSIVE;
				CLANG_CXX_LANGUAGE_STANDARD = "gnu++14";
				CLANG_CXX_LIBRARY = "libc++";
				CLANG_ENABLE_MODULES = YES;
				CLANG_ENABLE_OBJC_ARC = YES;
				CLANG_ENABLE_OBJC_WEAK = YES;
				CLANG_WARN_BLOCK_CAPTURE_AUTORELEASING = YES;
				CLANG_WARN_BOOL_CONVERSION = YES;
				CLANG_WARN_COMMA = YES;
				CLANG_WARN_CONSTANT_CONVERSION = YES;
				CLANG_WARN_DEPRECATED_OBJC_IMPLEMENTATIONS = YES;
				CLANG_WARN_DIRECT_OBJC_ISA_USAGE = YES_ERROR;
				CLANG_WARN_DOCUMENTATION_COMMENTS = YES;
				CLANG_WARN_EMPTY_BODY = YES;
				CLANG_WARN_ENUM_CONVERSION = YES;
				CLANG_WARN_INFINITE_RECURSION = YES;
				CLANG_WARN_INT_CONVERSION = YES;
				CLANG_WARN_NON_LITERAL_NULL_CONVERSION = YES;
				CLANG_WARN_OBJC_IMPLICIT_RETAIN_SELF = YES;
				CLANG_WARN_OBJC_LITERAL_CONVERSION = YES;
				CLANG_WARN_OBJC_ROOT_CLASS = YES_ERROR;
				CLANG_WARN_RANGE_LOOP_ANALYSIS = YES;
				CLANG_WARN_STRICT_PROTOTYPES = YES;
				CLANG_WARN_SUSPICIOUS_MOVE = YES;
				CLANG_WARN_UNGUARDED_AVAILABILITY = YES_AGGRESSIVE;
				CLANG_WARN_UNREACHABLE_CODE = YES;
				CLANG_WARN__DUPLICATE_METHOD_MATCH = YES;
				COPY_PHASE_STRIP = NO;
				DEBUG_INFORMATION_FORMAT = "dwarf-with-dsym";
				ENABLE_NS_ASSERTIONS = NO;
				ENABLE_STRICT_OBJC_MSGSEND = YES;
				GCC_C_LANGUAGE_STANDARD = gnu11;
				GCC_NO_COMMON_BLOCKS = YES;
				GCC_WARN_64_TO_32_BIT_CONVERSION = YES;
				GCC_WARN_ABOUT_RETURN_TYPE = YES_ERROR;
				GCC_WARN_UNDECLARED_SELECTOR = YES;
				GCC_WARN_UNINITIALIZED_AUTOS = YES_AGGRESSIVE;
				GCC_WARN_UNUSED_FUNCTION = YES;
				GCC_WARN_UNUSED_VARIABLE = YES;
				IPHONEOS_DEPLOYMENT_TARGET = 13.4;
				MTL_ENABLE_DEBUG_INFO = NO;
				MTL_FAST_MATH = YES;
				SDKROOT = iphoneos;
				SWIFT_COMPILATION_MODE = wholemodule;
				SWIFT_OPTIMIZATION_LEVEL = "-O";
				VALIDATE_PRODUCT = YES;
			};
			name = Release;
		};
		E20602AE2449FF5C0088AE18 /* Debug */ = {
			isa = XCBuildConfiguration;
			buildSettings = {
				ASSETCATALOG_COMPILER_APPICON_NAME = AppIcon;
				CODE_SIGN_STYLE = Automatic;
				DEVELOPMENT_TEAM = 774YDXH43D;
				INFOPLIST_FILE = Notes/Resources/Info.plist;
				LD_RUNPATH_SEARCH_PATHS = (
					"$(inherited)",
					"@executable_path/Frameworks",
				);
				PRODUCT_BUNDLE_IDENTIFIER = com.peteparks.Notes;
				PRODUCT_NAME = "$(TARGET_NAME)";
				SWIFT_VERSION = 5.0;
				TARGETED_DEVICE_FAMILY = "1,2";
			};
			name = Debug;
		};
		E20602AF2449FF5C0088AE18 /* Release */ = {
			isa = XCBuildConfiguration;
			buildSettings = {
				ASSETCATALOG_COMPILER_APPICON_NAME = AppIcon;
				CODE_SIGN_STYLE = Automatic;
				DEVELOPMENT_TEAM = 774YDXH43D;
				INFOPLIST_FILE = Notes/Resources/Info.plist;
				LD_RUNPATH_SEARCH_PATHS = (
					"$(inherited)",
					"@executable_path/Frameworks",
				);
				PRODUCT_BUNDLE_IDENTIFIER = com.peteparks.Notes;
				PRODUCT_NAME = "$(TARGET_NAME)";
				SWIFT_VERSION = 5.0;
				TARGETED_DEVICE_FAMILY = "1,2";
			};
			name = Release;
		};
/* End XCBuildConfiguration section */

/* Begin XCConfigurationList section */
		E20602942449FF590088AE18 /* Build configuration list for PBXProject "Notes" */ = {
			isa = XCConfigurationList;
			buildConfigurations = (
				E20602AB2449FF5C0088AE18 /* Debug */,
				E20602AC2449FF5C0088AE18 /* Release */,
			);
			defaultConfigurationIsVisible = 0;
			defaultConfigurationName = Release;
		};
		E20602AD2449FF5C0088AE18 /* Build configuration list for PBXNativeTarget "Notes" */ = {
			isa = XCConfigurationList;
			buildConfigurations = (
				E20602AE2449FF5C0088AE18 /* Debug */,
				E20602AF2449FF5C0088AE18 /* Release */,
			);
			defaultConfigurationIsVisible = 0;
			defaultConfigurationName = Release;
		};
/* End XCConfigurationList section */
	};
	rootObject = E20602912449FF590088AE18 /* Project object */;
}
