// !$*UTF8*$!
{
	archiveVersion = 1;
	classes = {
	};
	objectVersion = 50;
	objects = {

/* Begin PBXBuildFile section */
		E227D3FE2478219F00BBCE34 /* AppDelegate.swift in Sources */ = {isa = PBXBuildFile; fileRef = E227D3FD2478219F00BBCE34 /* AppDelegate.swift */; };
		E227D4002478219F00BBCE34 /* SceneDelegate.swift in Sources */ = {isa = PBXBuildFile; fileRef = E227D3FF2478219F00BBCE34 /* SceneDelegate.swift */; };
		E227D4052478219F00BBCE34 /* Main.storyboard in Resources */ = {isa = PBXBuildFile; fileRef = E227D4032478219F00BBCE34 /* Main.storyboard */; };
		E227D407247821A200BBCE34 /* Assets.xcassets in Resources */ = {isa = PBXBuildFile; fileRef = E227D406247821A200BBCE34 /* Assets.xcassets */; };
		E227D40A247821A200BBCE34 /* LaunchScreen.storyboard in Resources */ = {isa = PBXBuildFile; fileRef = E227D408247821A200BBCE34 /* LaunchScreen.storyboard */; };
		E227D4162478223F00BBCE34 /* PairedTableViewController.swift in Sources */ = {isa = PBXBuildFile; fileRef = E227D4152478223F00BBCE34 /* PairedTableViewController.swift */; };
		E227D41C2478229C00BBCE34 /* PersonController.swift in Sources */ = {isa = PBXBuildFile; fileRef = E227D41B2478229C00BBCE34 /* PersonController.swift */; };
		E2E3473D247836D700A39F61 /* Person.swift in Sources */ = {isa = PBXBuildFile; fileRef = E2E3473C247836D700A39F61 /* Person.swift */; };
/* End PBXBuildFile section */

/* Begin PBXFileReference section */
		E227D3FA2478219F00BBCE34 /* PairRandomizer.app */ = {isa = PBXFileReference; explicitFileType = wrapper.application; includeInIndex = 0; path = PairRandomizer.app; sourceTree = BUILT_PRODUCTS_DIR; };
		E227D3FD2478219F00BBCE34 /* AppDelegate.swift */ = {isa = PBXFileReference; lastKnownFileType = sourcecode.swift; path = AppDelegate.swift; sourceTree = "<group>"; };
		E227D3FF2478219F00BBCE34 /* SceneDelegate.swift */ = {isa = PBXFileReference; lastKnownFileType = sourcecode.swift; path = SceneDelegate.swift; sourceTree = "<group>"; };
		E227D4042478219F00BBCE34 /* Base */ = {isa = PBXFileReference; lastKnownFileType = file.storyboard; name = Base; path = Base.lproj/Main.storyboard; sourceTree = "<group>"; };
		E227D406247821A200BBCE34 /* Assets.xcassets */ = {isa = PBXFileReference; lastKnownFileType = folder.assetcatalog; path = Assets.xcassets; sourceTree = "<group>"; };
		E227D409247821A200BBCE34 /* Base */ = {isa = PBXFileReference; lastKnownFileType = file.storyboard; name = Base; path = Base.lproj/LaunchScreen.storyboard; sourceTree = "<group>"; };
		E227D40B247821A200BBCE34 /* Info.plist */ = {isa = PBXFileReference; lastKnownFileType = text.plist.xml; path = Info.plist; sourceTree = "<group>"; };
		E227D4152478223F00BBCE34 /* PairedTableViewController.swift */ = {isa = PBXFileReference; lastKnownFileType = sourcecode.swift; path = PairedTableViewController.swift; sourceTree = "<group>"; };
		E227D41B2478229C00BBCE34 /* PersonController.swift */ = {isa = PBXFileReference; lastKnownFileType = sourcecode.swift; path = PersonController.swift; sourceTree = "<group>"; };
		E2E3473C247836D700A39F61 /* Person.swift */ = {isa = PBXFileReference; lastKnownFileType = sourcecode.swift; path = Person.swift; sourceTree = "<group>"; };
/* End PBXFileReference section */

/* Begin PBXFrameworksBuildPhase section */
		E227D3F72478219F00BBCE34 /* Frameworks */ = {
			isa = PBXFrameworksBuildPhase;
			buildActionMask = 2147483647;
			files = (
			);
			runOnlyForDeploymentPostprocessing = 0;
		};
/* End PBXFrameworksBuildPhase section */

/* Begin PBXGroup section */
		E227D3F12478219F00BBCE34 = {
			isa = PBXGroup;
			children = (
				E227D3FC2478219F00BBCE34 /* PairRandomizer */,
				E227D3FB2478219F00BBCE34 /* Products */,
			);
			sourceTree = "<group>";
		};
		E227D3FB2478219F00BBCE34 /* Products */ = {
			isa = PBXGroup;
			children = (
				E227D3FA2478219F00BBCE34 /* PairRandomizer.app */,
			);
			name = Products;
			sourceTree = "<group>";
		};
		E227D3FC2478219F00BBCE34 /* PairRandomizer */ = {
			isa = PBXGroup;
			children = (
				E227D4172478224600BBCE34 /* model */,
				E227D412247821F400BBCE34 /* views */,
				E227D411247821DD00BBCE34 /* resources */,
			);
			path = PairRandomizer;
			sourceTree = "<group>";
		};
		E227D411247821DD00BBCE34 /* resources */ = {
			isa = PBXGroup;
			children = (
				E227D3FD2478219F00BBCE34 /* AppDelegate.swift */,
				E227D3FF2478219F00BBCE34 /* SceneDelegate.swift */,
				E227D406247821A200BBCE34 /* Assets.xcassets */,
				E227D408247821A200BBCE34 /* LaunchScreen.storyboard */,
				E227D40B247821A200BBCE34 /* Info.plist */,
			);
			path = resources;
			sourceTree = "<group>";
		};
		E227D412247821F400BBCE34 /* views */ = {
			isa = PBXGroup;
			children = (
				E227D41A2478226F00BBCE34 /* model controllers */,
				E227D4142478221000BBCE34 /* view controllers */,
				E227D413247821FF00BBCE34 /* storyboards */,
			);
			path = views;
			sourceTree = "<group>";
		};
		E227D413247821FF00BBCE34 /* storyboards */ = {
			isa = PBXGroup;
			children = (
				E227D4032478219F00BBCE34 /* Main.storyboard */,
			);
			path = storyboards;
			sourceTree = "<group>";
		};
		E227D4142478221000BBCE34 /* view controllers */ = {
			isa = PBXGroup;
			children = (
				E227D4152478223F00BBCE34 /* PairedTableViewController.swift */,
			);
			path = "view controllers";
			sourceTree = "<group>";
		};
		E227D4172478224600BBCE34 /* model */ = {
			isa = PBXGroup;
			children = (
				E2E3473C247836D700A39F61 /* Person.swift */,
			);
			path = model;
			sourceTree = "<group>";
		};
		E227D41A2478226F00BBCE34 /* model controllers */ = {
			isa = PBXGroup;
			children = (
				E227D41B2478229C00BBCE34 /* PersonController.swift */,
			);
			path = "model controllers";
			sourceTree = "<group>";
		};
/* End PBXGroup section */

/* Begin PBXNativeTarget section */
		E227D3F92478219F00BBCE34 /* PairRandomizer */ = {
			isa = PBXNativeTarget;
			buildConfigurationList = E227D40E247821A200BBCE34 /* Build configuration list for PBXNativeTarget "PairRandomizer" */;
			buildPhases = (
				E227D3F62478219F00BBCE34 /* Sources */,
				E227D3F72478219F00BBCE34 /* Frameworks */,
				E227D3F82478219F00BBCE34 /* Resources */,
			);
			buildRules = (
			);
			dependencies = (
			);
			name = PairRandomizer;
			productName = PairRandomizer;
			productReference = E227D3FA2478219F00BBCE34 /* PairRandomizer.app */;
			productType = "com.apple.product-type.application";
		};
/* End PBXNativeTarget section */

/* Begin PBXProject section */
		E227D3F22478219F00BBCE34 /* Project object */ = {
			isa = PBXProject;
			attributes = {
				LastSwiftUpdateCheck = 1140;
				LastUpgradeCheck = 1140;
				ORGANIZATIONNAME = "Pete Parks";
				TargetAttributes = {
					E227D3F92478219F00BBCE34 = {
						CreatedOnToolsVersion = 11.4.1;
					};
				};
			};
			buildConfigurationList = E227D3F52478219F00BBCE34 /* Build configuration list for PBXProject "PairRandomizer" */;
			compatibilityVersion = "Xcode 9.3";
			developmentRegion = en;
			hasScannedForEncodings = 0;
			knownRegions = (
				en,
				Base,
			);
			mainGroup = E227D3F12478219F00BBCE34;
			productRefGroup = E227D3FB2478219F00BBCE34 /* Products */;
			projectDirPath = "";
			projectRoot = "";
			targets = (
				E227D3F92478219F00BBCE34 /* PairRandomizer */,
			);
		};
/* End PBXProject section */

/* Begin PBXResourcesBuildPhase section */
		E227D3F82478219F00BBCE34 /* Resources */ = {
			isa = PBXResourcesBuildPhase;
			buildActionMask = 2147483647;
			files = (
				E227D40A247821A200BBCE34 /* LaunchScreen.storyboard in Resources */,
				E227D407247821A200BBCE34 /* Assets.xcassets in Resources */,
				E227D4052478219F00BBCE34 /* Main.storyboard in Resources */,
			);
			runOnlyForDeploymentPostprocessing = 0;
		};
/* End PBXResourcesBuildPhase section */

/* Begin PBXSourcesBuildPhase section */
		E227D3F62478219F00BBCE34 /* Sources */ = {
			isa = PBXSourcesBuildPhase;
			buildActionMask = 2147483647;
			files = (
				E227D3FE2478219F00BBCE34 /* AppDelegate.swift in Sources */,
				E227D4002478219F00BBCE34 /* SceneDelegate.swift in Sources */,
				E2E3473D247836D700A39F61 /* Person.swift in Sources */,
				E227D41C2478229C00BBCE34 /* PersonController.swift in Sources */,
				E227D4162478223F00BBCE34 /* PairedTableViewController.swift in Sources */,
			);
			runOnlyForDeploymentPostprocessing = 0;
		};
/* End PBXSourcesBuildPhase section */

/* Begin PBXVariantGroup section */
		E227D4032478219F00BBCE34 /* Main.storyboard */ = {
			isa = PBXVariantGroup;
			children = (
				E227D4042478219F00BBCE34 /* Base */,
			);
			name = Main.storyboard;
			sourceTree = "<group>";
		};
		E227D408247821A200BBCE34 /* LaunchScreen.storyboard */ = {
			isa = PBXVariantGroup;
			children = (
				E227D409247821A200BBCE34 /* Base */,
			);
			name = LaunchScreen.storyboard;
			sourceTree = "<group>";
		};
/* End PBXVariantGroup section */

/* Begin XCBuildConfiguration section */
		E227D40C247821A200BBCE34 /* Debug */ = {
			isa = XCBuildConfiguration;
			buildSettings = {
				ALWAYS_SEARCH_USER_PATHS = NO;
				CLANG_ANALYZER_NONNULL = YES;
				CLANG_ANALYZER_NUMBER_OBJECT_CONVERSION = YES_AGGRESSIVE;
				CLANG_CXX_LANGUAGE_STANDARD = "gnu++14";
				CLANG_CXX_LIBRARY = "libc++";
				CLANG_ENABLE_MODULES = YES;
				CLANG_ENABLE_OBJC_ARC = YES;
				CLANG_ENABLE_OBJC_WEAK = YES;
				CLANG_WARN_BLOCK_CAPTURE_AUTORELEASING = YES;
				CLANG_WARN_BOOL_CONVERSION = YES;
				CLANG_WARN_COMMA = YES;
				CLANG_WARN_CONSTANT_CONVERSION = YES;
				CLANG_WARN_DEPRECATED_OBJC_IMPLEMENTATIONS = YES;
				CLANG_WARN_DIRECT_OBJC_ISA_USAGE = YES_ERROR;
				CLANG_WARN_DOCUMENTATION_COMMENTS = YES;
				CLANG_WARN_EMPTY_BODY = YES;
				CLANG_WARN_ENUM_CONVERSION = YES;
				CLANG_WARN_INFINITE_RECURSION = YES;
				CLANG_WARN_INT_CONVERSION = YES;
				CLANG_WARN_NON_LITERAL_NULL_CONVERSION = YES;
				CLANG_WARN_OBJC_IMPLICIT_RETAIN_SELF = YES;
				CLANG_WARN_OBJC_LITERAL_CONVERSION = YES;
				CLANG_WARN_OBJC_ROOT_CLASS = YES_ERROR;
				CLANG_WARN_RANGE_LOOP_ANALYSIS = YES;
				CLANG_WARN_STRICT_PROTOTYPES = YES;
				CLANG_WARN_SUSPICIOUS_MOVE = YES;
				CLANG_WARN_UNGUARDED_AVAILABILITY = YES_AGGRESSIVE;
				CLANG_WARN_UNREACHABLE_CODE = YES;
				CLANG_WARN__DUPLICATE_METHOD_MATCH = YES;
				COPY_PHASE_STRIP = NO;
				DEBUG_INFORMATION_FORMAT = dwarf;
				ENABLE_STRICT_OBJC_MSGSEND = YES;
				ENABLE_TESTABILITY = YES;
				GCC_C_LANGUAGE_STANDARD = gnu11;
				GCC_DYNAMIC_NO_PIC = NO;
				GCC_NO_COMMON_BLOCKS = YES;
				GCC_OPTIMIZATION_LEVEL = 0;
				GCC_PREPROCESSOR_DEFINITIONS = (
					"DEBUG=1",
					"$(inherited)",
				);
				GCC_WARN_64_TO_32_BIT_CONVERSION = YES;
				GCC_WARN_ABOUT_RETURN_TYPE = YES_ERROR;
				GCC_WARN_UNDECLARED_SELECTOR = YES;
				GCC_WARN_UNINITIALIZED_AUTOS = YES_AGGRESSIVE;
				GCC_WARN_UNUSED_FUNCTION = YES;
				GCC_WARN_UNUSED_VARIABLE = YES;
				IPHONEOS_DEPLOYMENT_TARGET = 13.4;
				MTL_ENABLE_DEBUG_INFO = INCLUDE_SOURCE;
				MTL_FAST_MATH = YES;
				ONLY_ACTIVE_ARCH = YES;
				SDKROOT = iphoneos;
				SWIFT_ACTIVE_COMPILATION_CONDITIONS = DEBUG;
				SWIFT_OPTIMIZATION_LEVEL = "-Onone";
			};
			name = Debug;
		};
		E227D40D247821A200BBCE34 /* Release */ = {
			isa = XCBuildConfiguration;
			buildSettings = {
				ALWAYS_SEARCH_USER_PATHS = NO;
				CLANG_ANALYZER_NONNULL = YES;
				CLANG_ANALYZER_NUMBER_OBJECT_CONVERSION = YES_AGGRESSIVE;
				CLANG_CXX_LANGUAGE_STANDARD = "gnu++14";
				CLANG_CXX_LIBRARY = "libc++";
				CLANG_ENABLE_MODULES = YES;
				CLANG_ENABLE_OBJC_ARC = YES;
				CLANG_ENABLE_OBJC_WEAK = YES;
				CLANG_WARN_BLOCK_CAPTURE_AUTORELEASING = YES;
				CLANG_WARN_BOOL_CONVERSION = YES;
				CLANG_WARN_COMMA = YES;
				CLANG_WARN_CONSTANT_CONVERSION = YES;
				CLANG_WARN_DEPRECATED_OBJC_IMPLEMENTATIONS = YES;
				CLANG_WARN_DIRECT_OBJC_ISA_USAGE = YES_ERROR;
				CLANG_WARN_DOCUMENTATION_COMMENTS = YES;
				CLANG_WARN_EMPTY_BODY = YES;
				CLANG_WARN_ENUM_CONVERSION = YES;
				CLANG_WARN_INFINITE_RECURSION = YES;
				CLANG_WARN_INT_CONVERSION = YES;
				CLANG_WARN_NON_LITERAL_NULL_CONVERSION = YES;
				CLANG_WARN_OBJC_IMPLICIT_RETAIN_SELF = YES;
				CLANG_WARN_OBJC_LITERAL_CONVERSION = YES;
				CLANG_WARN_OBJC_ROOT_CLASS = YES_ERROR;
				CLANG_WARN_RANGE_LOOP_ANALYSIS = YES;
				CLANG_WARN_STRICT_PROTOTYPES = YES;
				CLANG_WARN_SUSPICIOUS_MOVE = YES;
				CLANG_WARN_UNGUARDED_AVAILABILITY = YES_AGGRESSIVE;
				CLANG_WARN_UNREACHABLE_CODE = YES;
				CLANG_WARN__DUPLICATE_METHOD_MATCH = YES;
				COPY_PHASE_STRIP = NO;
				DEBUG_INFORMATION_FORMAT = "dwarf-with-dsym";
				ENABLE_NS_ASSERTIONS = NO;
				ENABLE_STRICT_OBJC_MSGSEND = YES;
				GCC_C_LANGUAGE_STANDARD = gnu11;
				GCC_NO_COMMON_BLOCKS = YES;
				GCC_WARN_64_TO_32_BIT_CONVERSION = YES;
				GCC_WARN_ABOUT_RETURN_TYPE = YES_ERROR;
				GCC_WARN_UNDECLARED_SELECTOR = YES;
				GCC_WARN_UNINITIALIZED_AUTOS = YES_AGGRESSIVE;
				GCC_WARN_UNUSED_FUNCTION = YES;
				GCC_WARN_UNUSED_VARIABLE = YES;
				IPHONEOS_DEPLOYMENT_TARGET = 13.4;
				MTL_ENABLE_DEBUG_INFO = NO;
				MTL_FAST_MATH = YES;
				SDKROOT = iphoneos;
				SWIFT_COMPILATION_MODE = wholemodule;
				SWIFT_OPTIMIZATION_LEVEL = "-O";
				VALIDATE_PRODUCT = YES;
			};
			name = Release;
		};
		E227D40F247821A200BBCE34 /* Debug */ = {
			isa = XCBuildConfiguration;
			buildSettings = {
				ASSETCATALOG_COMPILER_APPICON_NAME = AppIcon;
				CODE_SIGN_STYLE = Automatic;
				DEVELOPMENT_TEAM = 774YDXH43D;
				INFOPLIST_FILE = PairRandomizer/resources/Info.plist;
				LD_RUNPATH_SEARCH_PATHS = (
					"$(inherited)",
					"@executable_path/Frameworks",
				);
				PRODUCT_BUNDLE_IDENTIFIER = com.peteparks.PairRandomizer;
				PRODUCT_NAME = "$(TARGET_NAME)";
				SWIFT_VERSION = 5.0;
				TARGETED_DEVICE_FAMILY = "1,2";
			};
			name = Debug;
		};
		E227D410247821A200BBCE34 /* Release */ = {
			isa = XCBuildConfiguration;
			buildSettings = {
				ASSETCATALOG_COMPILER_APPICON_NAME = AppIcon;
				CODE_SIGN_STYLE = Automatic;
				DEVELOPMENT_TEAM = 774YDXH43D;
				INFOPLIST_FILE = PairRandomizer/resources/Info.plist;
				LD_RUNPATH_SEARCH_PATHS = (
					"$(inherited)",
					"@executable_path/Frameworks",
				);
				PRODUCT_BUNDLE_IDENTIFIER = com.peteparks.PairRandomizer;
				PRODUCT_NAME = "$(TARGET_NAME)";
				SWIFT_VERSION = 5.0;
				TARGETED_DEVICE_FAMILY = "1,2";
			};
			name = Release;
		};
/* End XCBuildConfiguration section */

/* Begin XCConfigurationList section */
		E227D3F52478219F00BBCE34 /* Build configuration list for PBXProject "PairRandomizer" */ = {
			isa = XCConfigurationList;
			buildConfigurations = (
				E227D40C247821A200BBCE34 /* Debug */,
				E227D40D247821A200BBCE34 /* Release */,
			);
			defaultConfigurationIsVisible = 0;
			defaultConfigurationName = Release;
		};
		E227D40E247821A200BBCE34 /* Build configuration list for PBXNativeTarget "PairRandomizer" */ = {
			isa = XCConfigurationList;
			buildConfigurations = (
				E227D40F247821A200BBCE34 /* Debug */,
				E227D410247821A200BBCE34 /* Release */,
			);
			defaultConfigurationIsVisible = 0;
			defaultConfigurationName = Release;
		};
/* End XCConfigurationList section */
	};
	rootObject = E227D3F22478219F00BBCE34 /* Project object */;
}
