// !$*UTF8*$!
{
	archiveVersion = 1;
	classes = {
	};
	objectVersion = 50;
	objects = {

/* Begin PBXBuildFile section */
		E21898102447A55400A3F699 /* SongTableViewController.swift in Sources */ = {isa = PBXBuildFile; fileRef = E218980F2447A55400A3F699 /* SongTableViewController.swift */; };
		E2A9A9DD24476C3300299D8B /* AppDelegate.swift in Sources */ = {isa = PBXBuildFile; fileRef = E2A9A9DC24476C3300299D8B /* AppDelegate.swift */; };
		E2A9A9DF24476C3300299D8B /* SceneDelegate.swift in Sources */ = {isa = PBXBuildFile; fileRef = E2A9A9DE24476C3300299D8B /* SceneDelegate.swift */; };
		E2A9A9E424476C3400299D8B /* Main.storyboard in Resources */ = {isa = PBXBuildFile; fileRef = E2A9A9E224476C3400299D8B /* Main.storyboard */; };
		E2A9A9E624476C3600299D8B /* Assets.xcassets in Resources */ = {isa = PBXBuildFile; fileRef = E2A9A9E524476C3600299D8B /* Assets.xcassets */; };
		E2A9A9E924476C3600299D8B /* LaunchScreen.storyboard in Resources */ = {isa = PBXBuildFile; fileRef = E2A9A9E724476C3600299D8B /* LaunchScreen.storyboard */; };
		E2A9A9F424476C3600299D8B /* PlaylistTests.swift in Sources */ = {isa = PBXBuildFile; fileRef = E2A9A9F324476C3600299D8B /* PlaylistTests.swift */; };
		E2A9A9FF24476C3600299D8B /* PlaylistUITests.swift in Sources */ = {isa = PBXBuildFile; fileRef = E2A9A9FE24476C3600299D8B /* PlaylistUITests.swift */; };
		E2A9AA1124476DA100299D8B /* Playlist.swift in Sources */ = {isa = PBXBuildFile; fileRef = E2A9AA1024476DA100299D8B /* Playlist.swift */; };
		E2A9AA1424476E2800299D8B /* Song.swift in Sources */ = {isa = PBXBuildFile; fileRef = E2A9AA1324476E2800299D8B /* Song.swift */; };
		E2A9AA162447721500299D8B /* PlaylistController.swift in Sources */ = {isa = PBXBuildFile; fileRef = E2A9AA152447721500299D8B /* PlaylistController.swift */; };
		E2A9AA18244783F600299D8B /* SongController.swift in Sources */ = {isa = PBXBuildFile; fileRef = E2A9AA17244783F600299D8B /* SongController.swift */; };
		E2A9AA1C2447883300299D8B /* PlaylistTableViewController.swift in Sources */ = {isa = PBXBuildFile; fileRef = E2A9AA1B2447883300299D8B /* PlaylistTableViewController.swift */; };
/* End PBXBuildFile section */

/* Begin PBXContainerItemProxy section */
		E2A9A9F024476C3600299D8B /* PBXContainerItemProxy */ = {
			isa = PBXContainerItemProxy;
			containerPortal = E2A9A9D124476C3300299D8B /* Project object */;
			proxyType = 1;
			remoteGlobalIDString = E2A9A9D824476C3300299D8B;
			remoteInfo = Playlist;
		};
		E2A9A9FB24476C3600299D8B /* PBXContainerItemProxy */ = {
			isa = PBXContainerItemProxy;
			containerPortal = E2A9A9D124476C3300299D8B /* Project object */;
			proxyType = 1;
			remoteGlobalIDString = E2A9A9D824476C3300299D8B;
			remoteInfo = Playlist;
		};
/* End PBXContainerItemProxy section */

/* Begin PBXFileReference section */
		E218980F2447A55400A3F699 /* SongTableViewController.swift */ = {isa = PBXFileReference; lastKnownFileType = sourcecode.swift; path = SongTableViewController.swift; sourceTree = "<group>"; };
		E2A9A9D924476C3300299D8B /* Playlist.app */ = {isa = PBXFileReference; explicitFileType = wrapper.application; includeInIndex = 0; path = Playlist.app; sourceTree = BUILT_PRODUCTS_DIR; };
		E2A9A9DC24476C3300299D8B /* AppDelegate.swift */ = {isa = PBXFileReference; lastKnownFileType = sourcecode.swift; path = AppDelegate.swift; sourceTree = "<group>"; };
		E2A9A9DE24476C3300299D8B /* SceneDelegate.swift */ = {isa = PBXFileReference; lastKnownFileType = sourcecode.swift; path = SceneDelegate.swift; sourceTree = "<group>"; };
		E2A9A9E324476C3400299D8B /* Base */ = {isa = PBXFileReference; lastKnownFileType = file.storyboard; name = Base; path = Base.lproj/Main.storyboard; sourceTree = "<group>"; };
		E2A9A9E524476C3600299D8B /* Assets.xcassets */ = {isa = PBXFileReference; lastKnownFileType = folder.assetcatalog; path = Assets.xcassets; sourceTree = "<group>"; };
		E2A9A9E824476C3600299D8B /* Base */ = {isa = PBXFileReference; lastKnownFileType = file.storyboard; name = Base; path = Base.lproj/LaunchScreen.storyboard; sourceTree = "<group>"; };
		E2A9A9EA24476C3600299D8B /* Info.plist */ = {isa = PBXFileReference; lastKnownFileType = text.plist.xml; path = Info.plist; sourceTree = "<group>"; };
		E2A9A9EF24476C3600299D8B /* PlaylistTests.xctest */ = {isa = PBXFileReference; explicitFileType = wrapper.cfbundle; includeInIndex = 0; path = PlaylistTests.xctest; sourceTree = BUILT_PRODUCTS_DIR; };
		E2A9A9F324476C3600299D8B /* PlaylistTests.swift */ = {isa = PBXFileReference; lastKnownFileType = sourcecode.swift; path = PlaylistTests.swift; sourceTree = "<group>"; };
		E2A9A9F524476C3600299D8B /* Info.plist */ = {isa = PBXFileReference; lastKnownFileType = text.plist.xml; path = Info.plist; sourceTree = "<group>"; };
		E2A9A9FA24476C3600299D8B /* PlaylistUITests.xctest */ = {isa = PBXFileReference; explicitFileType = wrapper.cfbundle; includeInIndex = 0; path = PlaylistUITests.xctest; sourceTree = BUILT_PRODUCTS_DIR; };
		E2A9A9FE24476C3600299D8B /* PlaylistUITests.swift */ = {isa = PBXFileReference; lastKnownFileType = sourcecode.swift; path = PlaylistUITests.swift; sourceTree = "<group>"; };
		E2A9AA0024476C3600299D8B /* Info.plist */ = {isa = PBXFileReference; lastKnownFileType = text.plist.xml; path = Info.plist; sourceTree = "<group>"; };
		E2A9AA1024476DA100299D8B /* Playlist.swift */ = {isa = PBXFileReference; lastKnownFileType = sourcecode.swift; path = Playlist.swift; sourceTree = "<group>"; };
		E2A9AA1324476E2800299D8B /* Song.swift */ = {isa = PBXFileReference; lastKnownFileType = sourcecode.swift; path = Song.swift; sourceTree = "<group>"; };
		E2A9AA152447721500299D8B /* PlaylistController.swift */ = {isa = PBXFileReference; lastKnownFileType = sourcecode.swift; path = PlaylistController.swift; sourceTree = "<group>"; };
		E2A9AA17244783F600299D8B /* SongController.swift */ = {isa = PBXFileReference; lastKnownFileType = sourcecode.swift; path = SongController.swift; sourceTree = "<group>"; };
		E2A9AA1B2447883300299D8B /* PlaylistTableViewController.swift */ = {isa = PBXFileReference; lastKnownFileType = sourcecode.swift; path = PlaylistTableViewController.swift; sourceTree = "<group>"; };
/* End PBXFileReference section */

/* Begin PBXFrameworksBuildPhase section */
		E2A9A9D624476C3300299D8B /* Frameworks */ = {
			isa = PBXFrameworksBuildPhase;
			buildActionMask = 2147483647;
			files = (
			);
			runOnlyForDeploymentPostprocessing = 0;
		};
		E2A9A9EC24476C3600299D8B /* Frameworks */ = {
			isa = PBXFrameworksBuildPhase;
			buildActionMask = 2147483647;
			files = (
			);
			runOnlyForDeploymentPostprocessing = 0;
		};
		E2A9A9F724476C3600299D8B /* Frameworks */ = {
			isa = PBXFrameworksBuildPhase;
			buildActionMask = 2147483647;
			files = (
			);
			runOnlyForDeploymentPostprocessing = 0;
		};
/* End PBXFrameworksBuildPhase section */

/* Begin PBXGroup section */
		E2A9A9D024476C3300299D8B = {
			isa = PBXGroup;
			children = (
				E2A9A9DB24476C3300299D8B /* Playlist */,
				E2A9A9F224476C3600299D8B /* PlaylistTests */,
				E2A9A9FD24476C3600299D8B /* PlaylistUITests */,
				E2A9A9DA24476C3300299D8B /* Products */,
			);
			sourceTree = "<group>";
		};
		E2A9A9DA24476C3300299D8B /* Products */ = {
			isa = PBXGroup;
			children = (
				E2A9A9D924476C3300299D8B /* Playlist.app */,
				E2A9A9EF24476C3600299D8B /* PlaylistTests.xctest */,
				E2A9A9FA24476C3600299D8B /* PlaylistUITests.xctest */,
			);
			name = Products;
			sourceTree = "<group>";
		};
		E2A9A9DB24476C3300299D8B /* Playlist */ = {
			isa = PBXGroup;
			children = (
				E2A9AA0F24476CB700299D8B /* Controllers */,
				E2A9AA0E24476C9D00299D8B /* Models */,
				E2A9AA0D24476C8A00299D8B /* Views */,
				E2A9AA0C24476C6900299D8B /* Resources */,
			);
			path = Playlist;
			sourceTree = "<group>";
		};
		E2A9A9F224476C3600299D8B /* PlaylistTests */ = {
			isa = PBXGroup;
			children = (
				E2A9A9F324476C3600299D8B /* PlaylistTests.swift */,
				E2A9A9F524476C3600299D8B /* Info.plist */,
			);
			path = PlaylistTests;
			sourceTree = "<group>";
		};
		E2A9A9FD24476C3600299D8B /* PlaylistUITests */ = {
			isa = PBXGroup;
			children = (
				E2A9A9FE24476C3600299D8B /* PlaylistUITests.swift */,
				E2A9AA0024476C3600299D8B /* Info.plist */,
			);
			path = PlaylistUITests;
			sourceTree = "<group>";
		};
		E2A9AA0C24476C6900299D8B /* Resources */ = {
			isa = PBXGroup;
			children = (
				E2A9A9DC24476C3300299D8B /* AppDelegate.swift */,
				E2A9A9DE24476C3300299D8B /* SceneDelegate.swift */,
				E2A9A9E524476C3600299D8B /* Assets.xcassets */,
				E2A9A9E724476C3600299D8B /* LaunchScreen.storyboard */,
				E2A9A9EA24476C3600299D8B /* Info.plist */,
			);
			path = Resources;
			sourceTree = "<group>";
		};
		E2A9AA0D24476C8A00299D8B /* Views */ = {
			isa = PBXGroup;
			children = (
				E2A9A9E224476C3400299D8B /* Main.storyboard */,
			);
			path = Views;
			sourceTree = "<group>";
		};
		E2A9AA0E24476C9D00299D8B /* Models */ = {
			isa = PBXGroup;
			children = (
				E2A9AA1024476DA100299D8B /* Playlist.swift */,
				E2A9AA1324476E2800299D8B /* Song.swift */,
			);
			path = Models;
			sourceTree = "<group>";
		};
		E2A9AA0F24476CB700299D8B /* Controllers */ = {
			isa = PBXGroup;
			children = (
				E2A9AA1A244787C100299D8B /* ViewController */,
				E2A9AA19244787AE00299D8B /* ModelController */,
			);
			path = Controllers;
			sourceTree = "<group>";
		};
		E2A9AA19244787AE00299D8B /* ModelController */ = {
			isa = PBXGroup;
			children = (
				E2A9AA152447721500299D8B /* PlaylistController.swift */,
				E2A9AA17244783F600299D8B /* SongController.swift */,
			);
			path = ModelController;
			sourceTree = "<group>";
		};
		E2A9AA1A244787C100299D8B /* ViewController */ = {
			isa = PBXGroup;
			children = (
				E2A9AA1B2447883300299D8B /* PlaylistTableViewController.swift */,
				E218980F2447A55400A3F699 /* SongTableViewController.swift */,
			);
			path = ViewController;
			sourceTree = "<group>";
		};
/* End PBXGroup section */

/* Begin PBXNativeTarget section */
		E2A9A9D824476C3300299D8B /* Playlist */ = {
			isa = PBXNativeTarget;
			buildConfigurationList = E2A9AA0324476C3600299D8B /* Build configuration list for PBXNativeTarget "Playlist" */;
			buildPhases = (
				E2A9A9D524476C3300299D8B /* Sources */,
				E2A9A9D624476C3300299D8B /* Frameworks */,
				E2A9A9D724476C3300299D8B /* Resources */,
			);
			buildRules = (
			);
			dependencies = (
			);
			name = Playlist;
			productName = Playlist;
			productReference = E2A9A9D924476C3300299D8B /* Playlist.app */;
			productType = "com.apple.product-type.application";
		};
		E2A9A9EE24476C3600299D8B /* PlaylistTests */ = {
			isa = PBXNativeTarget;
			buildConfigurationList = E2A9AA0624476C3600299D8B /* Build configuration list for PBXNativeTarget "PlaylistTests" */;
			buildPhases = (
				E2A9A9EB24476C3600299D8B /* Sources */,
				E2A9A9EC24476C3600299D8B /* Frameworks */,
				E2A9A9ED24476C3600299D8B /* Resources */,
			);
			buildRules = (
			);
			dependencies = (
				E2A9A9F124476C3600299D8B /* PBXTargetDependency */,
			);
			name = PlaylistTests;
			productName = PlaylistTests;
			productReference = E2A9A9EF24476C3600299D8B /* PlaylistTests.xctest */;
			productType = "com.apple.product-type.bundle.unit-test";
		};
		E2A9A9F924476C3600299D8B /* PlaylistUITests */ = {
			isa = PBXNativeTarget;
			buildConfigurationList = E2A9AA0924476C3600299D8B /* Build configuration list for PBXNativeTarget "PlaylistUITests" */;
			buildPhases = (
				E2A9A9F624476C3600299D8B /* Sources */,
				E2A9A9F724476C3600299D8B /* Frameworks */,
				E2A9A9F824476C3600299D8B /* Resources */,
			);
			buildRules = (
			);
			dependencies = (
				E2A9A9FC24476C3600299D8B /* PBXTargetDependency */,
			);
			name = PlaylistUITests;
			productName = PlaylistUITests;
			productReference = E2A9A9FA24476C3600299D8B /* PlaylistUITests.xctest */;
			productType = "com.apple.product-type.bundle.ui-testing";
		};
/* End PBXNativeTarget section */

/* Begin PBXProject section */
		E2A9A9D124476C3300299D8B /* Project object */ = {
			isa = PBXProject;
			attributes = {
				LastSwiftUpdateCheck = 1140;
				LastUpgradeCheck = 1140;
				ORGANIZATIONNAME = "Pete Parks";
				TargetAttributes = {
					E2A9A9D824476C3300299D8B = {
						CreatedOnToolsVersion = 11.4;
					};
					E2A9A9EE24476C3600299D8B = {
						CreatedOnToolsVersion = 11.4;
						TestTargetID = E2A9A9D824476C3300299D8B;
					};
					E2A9A9F924476C3600299D8B = {
						CreatedOnToolsVersion = 11.4;
						TestTargetID = E2A9A9D824476C3300299D8B;
					};
				};
			};
			buildConfigurationList = E2A9A9D424476C3300299D8B /* Build configuration list for PBXProject "Playlist" */;
			compatibilityVersion = "Xcode 9.3";
			developmentRegion = en;
			hasScannedForEncodings = 0;
			knownRegions = (
				en,
				Base,
			);
			mainGroup = E2A9A9D024476C3300299D8B;
			productRefGroup = E2A9A9DA24476C3300299D8B /* Products */;
			projectDirPath = "";
			projectRoot = "";
			targets = (
				E2A9A9D824476C3300299D8B /* Playlist */,
				E2A9A9EE24476C3600299D8B /* PlaylistTests */,
				E2A9A9F924476C3600299D8B /* PlaylistUITests */,
			);
		};
/* End PBXProject section */

/* Begin PBXResourcesBuildPhase section */
		E2A9A9D724476C3300299D8B /* Resources */ = {
			isa = PBXResourcesBuildPhase;
			buildActionMask = 2147483647;
			files = (
				E2A9A9E924476C3600299D8B /* LaunchScreen.storyboard in Resources */,
				E2A9A9E624476C3600299D8B /* Assets.xcassets in Resources */,
				E2A9A9E424476C3400299D8B /* Main.storyboard in Resources */,
			);
			runOnlyForDeploymentPostprocessing = 0;
		};
		E2A9A9ED24476C3600299D8B /* Resources */ = {
			isa = PBXResourcesBuildPhase;
			buildActionMask = 2147483647;
			files = (
			);
			runOnlyForDeploymentPostprocessing = 0;
		};
		E2A9A9F824476C3600299D8B /* Resources */ = {
			isa = PBXResourcesBuildPhase;
			buildActionMask = 2147483647;
			files = (
			);
			runOnlyForDeploymentPostprocessing = 0;
		};
/* End PBXResourcesBuildPhase section */

/* Begin PBXSourcesBuildPhase section */
		E2A9A9D524476C3300299D8B /* Sources */ = {
			isa = PBXSourcesBuildPhase;
			buildActionMask = 2147483647;
			files = (
				E2A9AA18244783F600299D8B /* SongController.swift in Sources */,
				E2A9AA1424476E2800299D8B /* Song.swift in Sources */,
				E2A9AA1C2447883300299D8B /* PlaylistTableViewController.swift in Sources */,
				E2A9A9DD24476C3300299D8B /* AppDelegate.swift in Sources */,
				E2A9AA162447721500299D8B /* PlaylistController.swift in Sources */,
				E2A9A9DF24476C3300299D8B /* SceneDelegate.swift in Sources */,
				E21898102447A55400A3F699 /* SongTableViewController.swift in Sources */,
				E2A9AA1124476DA100299D8B /* Playlist.swift in Sources */,
			);
			runOnlyForDeploymentPostprocessing = 0;
		};
		E2A9A9EB24476C3600299D8B /* Sources */ = {
			isa = PBXSourcesBuildPhase;
			buildActionMask = 2147483647;
			files = (
				E2A9A9F424476C3600299D8B /* PlaylistTests.swift in Sources */,
			);
			runOnlyForDeploymentPostprocessing = 0;
		};
		E2A9A9F624476C3600299D8B /* Sources */ = {
			isa = PBXSourcesBuildPhase;
			buildActionMask = 2147483647;
			files = (
				E2A9A9FF24476C3600299D8B /* PlaylistUITests.swift in Sources */,
			);
			runOnlyForDeploymentPostprocessing = 0;
		};
/* End PBXSourcesBuildPhase section */

/* Begin PBXTargetDependency section */
		E2A9A9F124476C3600299D8B /* PBXTargetDependency */ = {
			isa = PBXTargetDependency;
			target = E2A9A9D824476C3300299D8B /* Playlist */;
			targetProxy = E2A9A9F024476C3600299D8B /* PBXContainerItemProxy */;
		};
		E2A9A9FC24476C3600299D8B /* PBXTargetDependency */ = {
			isa = PBXTargetDependency;
			target = E2A9A9D824476C3300299D8B /* Playlist */;
			targetProxy = E2A9A9FB24476C3600299D8B /* PBXContainerItemProxy */;
		};
/* End PBXTargetDependency section */

/* Begin PBXVariantGroup section */
		E2A9A9E224476C3400299D8B /* Main.storyboard */ = {
			isa = PBXVariantGroup;
			children = (
				E2A9A9E324476C3400299D8B /* Base */,
			);
			name = Main.storyboard;
			sourceTree = "<group>";
		};
		E2A9A9E724476C3600299D8B /* LaunchScreen.storyboard */ = {
			isa = PBXVariantGroup;
			children = (
				E2A9A9E824476C3600299D8B /* Base */,
			);
			name = LaunchScreen.storyboard;
			sourceTree = "<group>";
		};
/* End PBXVariantGroup section */

/* Begin XCBuildConfiguration section */
		E2A9AA0124476C3600299D8B /* Debug */ = {
			isa = XCBuildConfiguration;
			buildSettings = {
				ALWAYS_SEARCH_USER_PATHS = NO;
				CLANG_ANALYZER_NONNULL = YES;
				CLANG_ANALYZER_NUMBER_OBJECT_CONVERSION = YES_AGGRESSIVE;
				CLANG_CXX_LANGUAGE_STANDARD = "gnu++14";
				CLANG_CXX_LIBRARY = "libc++";
				CLANG_ENABLE_MODULES = YES;
				CLANG_ENABLE_OBJC_ARC = YES;
				CLANG_ENABLE_OBJC_WEAK = YES;
				CLANG_WARN_BLOCK_CAPTURE_AUTORELEASING = YES;
				CLANG_WARN_BOOL_CONVERSION = YES;
				CLANG_WARN_COMMA = YES;
				CLANG_WARN_CONSTANT_CONVERSION = YES;
				CLANG_WARN_DEPRECATED_OBJC_IMPLEMENTATIONS = YES;
				CLANG_WARN_DIRECT_OBJC_ISA_USAGE = YES_ERROR;
				CLANG_WARN_DOCUMENTATION_COMMENTS = YES;
				CLANG_WARN_EMPTY_BODY = YES;
				CLANG_WARN_ENUM_CONVERSION = YES;
				CLANG_WARN_INFINITE_RECURSION = YES;
				CLANG_WARN_INT_CONVERSION = YES;
				CLANG_WARN_NON_LITERAL_NULL_CONVERSION = YES;
				CLANG_WARN_OBJC_IMPLICIT_RETAIN_SELF = YES;
				CLANG_WARN_OBJC_LITERAL_CONVERSION = YES;
				CLANG_WARN_OBJC_ROOT_CLASS = YES_ERROR;
				CLANG_WARN_RANGE_LOOP_ANALYSIS = YES;
				CLANG_WARN_STRICT_PROTOTYPES = YES;
				CLANG_WARN_SUSPICIOUS_MOVE = YES;
				CLANG_WARN_UNGUARDED_AVAILABILITY = YES_AGGRESSIVE;
				CLANG_WARN_UNREACHABLE_CODE = YES;
				CLANG_WARN__DUPLICATE_METHOD_MATCH = YES;
				COPY_PHASE_STRIP = NO;
				DEBUG_INFORMATION_FORMAT = dwarf;
				ENABLE_STRICT_OBJC_MSGSEND = YES;
				ENABLE_TESTABILITY = YES;
				GCC_C_LANGUAGE_STANDARD = gnu11;
				GCC_DYNAMIC_NO_PIC = NO;
				GCC_NO_COMMON_BLOCKS = YES;
				GCC_OPTIMIZATION_LEVEL = 0;
				GCC_PREPROCESSOR_DEFINITIONS = (
					"DEBUG=1",
					"$(inherited)",
				);
				GCC_WARN_64_TO_32_BIT_CONVERSION = YES;
				GCC_WARN_ABOUT_RETURN_TYPE = YES_ERROR;
				GCC_WARN_UNDECLARED_SELECTOR = YES;
				GCC_WARN_UNINITIALIZED_AUTOS = YES_AGGRESSIVE;
				GCC_WARN_UNUSED_FUNCTION = YES;
				GCC_WARN_UNUSED_VARIABLE = YES;
				IPHONEOS_DEPLOYMENT_TARGET = 13.4;
				MTL_ENABLE_DEBUG_INFO = INCLUDE_SOURCE;
				MTL_FAST_MATH = YES;
				ONLY_ACTIVE_ARCH = YES;
				SDKROOT = iphoneos;
				SWIFT_ACTIVE_COMPILATION_CONDITIONS = DEBUG;
				SWIFT_OPTIMIZATION_LEVEL = "-Onone";
			};
			name = Debug;
		};
		E2A9AA0224476C3600299D8B /* Release */ = {
			isa = XCBuildConfiguration;
			buildSettings = {
				ALWAYS_SEARCH_USER_PATHS = NO;
				CLANG_ANALYZER_NONNULL = YES;
				CLANG_ANALYZER_NUMBER_OBJECT_CONVERSION = YES_AGGRESSIVE;
				CLANG_CXX_LANGUAGE_STANDARD = "gnu++14";
				CLANG_CXX_LIBRARY = "libc++";
				CLANG_ENABLE_MODULES = YES;
				CLANG_ENABLE_OBJC_ARC = YES;
				CLANG_ENABLE_OBJC_WEAK = YES;
				CLANG_WARN_BLOCK_CAPTURE_AUTORELEASING = YES;
				CLANG_WARN_BOOL_CONVERSION = YES;
				CLANG_WARN_COMMA = YES;
				CLANG_WARN_CONSTANT_CONVERSION = YES;
				CLANG_WARN_DEPRECATED_OBJC_IMPLEMENTATIONS = YES;
				CLANG_WARN_DIRECT_OBJC_ISA_USAGE = YES_ERROR;
				CLANG_WARN_DOCUMENTATION_COMMENTS = YES;
				CLANG_WARN_EMPTY_BODY = YES;
				CLANG_WARN_ENUM_CONVERSION = YES;
				CLANG_WARN_INFINITE_RECURSION = YES;
				CLANG_WARN_INT_CONVERSION = YES;
				CLANG_WARN_NON_LITERAL_NULL_CONVERSION = YES;
				CLANG_WARN_OBJC_IMPLICIT_RETAIN_SELF = YES;
				CLANG_WARN_OBJC_LITERAL_CONVERSION = YES;
				CLANG_WARN_OBJC_ROOT_CLASS = YES_ERROR;
				CLANG_WARN_RANGE_LOOP_ANALYSIS = YES;
				CLANG_WARN_STRICT_PROTOTYPES = YES;
				CLANG_WARN_SUSPICIOUS_MOVE = YES;
				CLANG_WARN_UNGUARDED_AVAILABILITY = YES_AGGRESSIVE;
				CLANG_WARN_UNREACHABLE_CODE = YES;
				CLANG_WARN__DUPLICATE_METHOD_MATCH = YES;
				COPY_PHASE_STRIP = NO;
				DEBUG_INFORMATION_FORMAT = "dwarf-with-dsym";
				ENABLE_NS_ASSERTIONS = NO;
				ENABLE_STRICT_OBJC_MSGSEND = YES;
				GCC_C_LANGUAGE_STANDARD = gnu11;
				GCC_NO_COMMON_BLOCKS = YES;
				GCC_WARN_64_TO_32_BIT_CONVERSION = YES;
				GCC_WARN_ABOUT_RETURN_TYPE = YES_ERROR;
				GCC_WARN_UNDECLARED_SELECTOR = YES;
				GCC_WARN_UNINITIALIZED_AUTOS = YES_AGGRESSIVE;
				GCC_WARN_UNUSED_FUNCTION = YES;
				GCC_WARN_UNUSED_VARIABLE = YES;
				IPHONEOS_DEPLOYMENT_TARGET = 13.4;
				MTL_ENABLE_DEBUG_INFO = NO;
				MTL_FAST_MATH = YES;
				SDKROOT = iphoneos;
				SWIFT_COMPILATION_MODE = wholemodule;
				SWIFT_OPTIMIZATION_LEVEL = "-O";
				VALIDATE_PRODUCT = YES;
			};
			name = Release;
		};
		E2A9AA0424476C3600299D8B /* Debug */ = {
			isa = XCBuildConfiguration;
			buildSettings = {
				ASSETCATALOG_COMPILER_APPICON_NAME = AppIcon;
				CODE_SIGN_STYLE = Automatic;
				DEVELOPMENT_TEAM = 774YDXH43D;
				INFOPLIST_FILE = Playlist/Resources/Info.plist;
				LD_RUNPATH_SEARCH_PATHS = (
					"$(inherited)",
					"@executable_path/Frameworks",
				);
				PRODUCT_BUNDLE_IDENTIFIER = com.peteparks.Playlist;
				PRODUCT_NAME = "$(TARGET_NAME)";
				SWIFT_VERSION = 5.0;
				TARGETED_DEVICE_FAMILY = "1,2";
			};
			name = Debug;
		};
		E2A9AA0524476C3600299D8B /* Release */ = {
			isa = XCBuildConfiguration;
			buildSettings = {
				ASSETCATALOG_COMPILER_APPICON_NAME = AppIcon;
				CODE_SIGN_STYLE = Automatic;
				DEVELOPMENT_TEAM = 774YDXH43D;
				INFOPLIST_FILE = Playlist/Resources/Info.plist;
				LD_RUNPATH_SEARCH_PATHS = (
					"$(inherited)",
					"@executable_path/Frameworks",
				);
				PRODUCT_BUNDLE_IDENTIFIER = com.peteparks.Playlist;
				PRODUCT_NAME = "$(TARGET_NAME)";
				SWIFT_VERSION = 5.0;
				TARGETED_DEVICE_FAMILY = "1,2";
			};
			name = Release;
		};
		E2A9AA0724476C3600299D8B /* Debug */ = {
			isa = XCBuildConfiguration;
			buildSettings = {
				ALWAYS_EMBED_SWIFT_STANDARD_LIBRARIES = YES;
				BUNDLE_LOADER = "$(TEST_HOST)";
				CODE_SIGN_STYLE = Automatic;
				DEVELOPMENT_TEAM = 774YDXH43D;
				INFOPLIST_FILE = PlaylistTests/Info.plist;
				IPHONEOS_DEPLOYMENT_TARGET = 13.4;
				LD_RUNPATH_SEARCH_PATHS = (
					"$(inherited)",
					"@executable_path/Frameworks",
					"@loader_path/Frameworks",
				);
				PRODUCT_BUNDLE_IDENTIFIER = com.peteparks.PlaylistTests;
				PRODUCT_NAME = "$(TARGET_NAME)";
				SWIFT_VERSION = 5.0;
				TARGETED_DEVICE_FAMILY = "1,2";
				TEST_HOST = "$(BUILT_PRODUCTS_DIR)/Playlist.app/Playlist";
			};
			name = Debug;
		};
		E2A9AA0824476C3600299D8B /* Release */ = {
			isa = XCBuildConfiguration;
			buildSettings = {
				ALWAYS_EMBED_SWIFT_STANDARD_LIBRARIES = YES;
				BUNDLE_LOADER = "$(TEST_HOST)";
				CODE_SIGN_STYLE = Automatic;
				DEVELOPMENT_TEAM = 774YDXH43D;
				INFOPLIST_FILE = PlaylistTests/Info.plist;
				IPHONEOS_DEPLOYMENT_TARGET = 13.4;
				LD_RUNPATH_SEARCH_PATHS = (
					"$(inherited)",
					"@executable_path/Frameworks",
					"@loader_path/Frameworks",
				);
				PRODUCT_BUNDLE_IDENTIFIER = com.peteparks.PlaylistTests;
				PRODUCT_NAME = "$(TARGET_NAME)";
				SWIFT_VERSION = 5.0;
				TARGETED_DEVICE_FAMILY = "1,2";
				TEST_HOST = "$(BUILT_PRODUCTS_DIR)/Playlist.app/Playlist";
			};
			name = Release;
		};
		E2A9AA0A24476C3600299D8B /* Debug */ = {
			isa = XCBuildConfiguration;
			buildSettings = {
				ALWAYS_EMBED_SWIFT_STANDARD_LIBRARIES = YES;
				CODE_SIGN_STYLE = Automatic;
				DEVELOPMENT_TEAM = 774YDXH43D;
				INFOPLIST_FILE = PlaylistUITests/Info.plist;
				LD_RUNPATH_SEARCH_PATHS = (
					"$(inherited)",
					"@executable_path/Frameworks",
					"@loader_path/Frameworks",
				);
				PRODUCT_BUNDLE_IDENTIFIER = com.peteparks.PlaylistUITests;
				PRODUCT_NAME = "$(TARGET_NAME)";
				SWIFT_VERSION = 5.0;
				TARGETED_DEVICE_FAMILY = "1,2";
				TEST_TARGET_NAME = Playlist;
			};
			name = Debug;
		};
		E2A9AA0B24476C3600299D8B /* Release */ = {
			isa = XCBuildConfiguration;
			buildSettings = {
				ALWAYS_EMBED_SWIFT_STANDARD_LIBRARIES = YES;
				CODE_SIGN_STYLE = Automatic;
				DEVELOPMENT_TEAM = 774YDXH43D;
				INFOPLIST_FILE = PlaylistUITests/Info.plist;
				LD_RUNPATH_SEARCH_PATHS = (
					"$(inherited)",
					"@executable_path/Frameworks",
					"@loader_path/Frameworks",
				);
				PRODUCT_BUNDLE_IDENTIFIER = com.peteparks.PlaylistUITests;
				PRODUCT_NAME = "$(TARGET_NAME)";
				SWIFT_VERSION = 5.0;
				TARGETED_DEVICE_FAMILY = "1,2";
				TEST_TARGET_NAME = Playlist;
			};
			name = Release;
		};
/* End XCBuildConfiguration section */

/* Begin XCConfigurationList section */
		E2A9A9D424476C3300299D8B /* Build configuration list for PBXProject "Playlist" */ = {
			isa = XCConfigurationList;
			buildConfigurations = (
				E2A9AA0124476C3600299D8B /* Debug */,
				E2A9AA0224476C3600299D8B /* Release */,
			);
			defaultConfigurationIsVisible = 0;
			defaultConfigurationName = Release;
		};
		E2A9AA0324476C3600299D8B /* Build configuration list for PBXNativeTarget "Playlist" */ = {
			isa = XCConfigurationList;
			buildConfigurations = (
				E2A9AA0424476C3600299D8B /* Debug */,
				E2A9AA0524476C3600299D8B /* Release */,
			);
			defaultConfigurationIsVisible = 0;
			defaultConfigurationName = Release;
		};
		E2A9AA0624476C3600299D8B /* Build configuration list for PBXNativeTarget "PlaylistTests" */ = {
			isa = XCConfigurationList;
			buildConfigurations = (
				E2A9AA0724476C3600299D8B /* Debug */,
				E2A9AA0824476C3600299D8B /* Release */,
			);
			defaultConfigurationIsVisible = 0;
			defaultConfigurationName = Release;
		};
		E2A9AA0924476C3600299D8B /* Build configuration list for PBXNativeTarget "PlaylistUITests" */ = {
			isa = XCConfigurationList;
			buildConfigurations = (
				E2A9AA0A24476C3600299D8B /* Debug */,
				E2A9AA0B24476C3600299D8B /* Release */,
			);
			defaultConfigurationIsVisible = 0;
			defaultConfigurationName = Release;
		};
/* End XCConfigurationList section */
	};
	rootObject = E2A9A9D124476C3300299D8B /* Project object */;
}
